// !$*UTF8*$!
{
	archiveVersion = 1;
	classes = {
	};
	objectVersion = 50;
	objects = {

/* Begin PBXBuildFile section */
		D4056EE421AECF3C0052319F /* AppDelegate.swift in Sources */ = {isa = PBXBuildFile; fileRef = D4056EE321AECF3C0052319F /* AppDelegate.swift */; };
		D4056EE621AECF3C0052319F /* ViewController.swift in Sources */ = {isa = PBXBuildFile; fileRef = D4056EE521AECF3C0052319F /* ViewController.swift */; };
		D4056EE921AECF3C0052319F /* Main.storyboard in Resources */ = {isa = PBXBuildFile; fileRef = D4056EE721AECF3C0052319F /* Main.storyboard */; };
		D4056EEB21AECF3D0052319F /* Assets.xcassets in Resources */ = {isa = PBXBuildFile; fileRef = D4056EEA21AECF3D0052319F /* Assets.xcassets */; };
		D4056EEE21AECF3D0052319F /* LaunchScreen.storyboard in Resources */ = {isa = PBXBuildFile; fileRef = D4056EEC21AECF3D0052319F /* LaunchScreen.storyboard */; };
		D4056EF921AECF3D0052319F /* CalculatorTests.swift in Sources */ = {isa = PBXBuildFile; fileRef = D4056EF821AECF3D0052319F /* CalculatorTests.swift */; };
		D4056F0421AECF3D0052319F /* CalculatorUITests.swift in Sources */ = {isa = PBXBuildFile; fileRef = D4056F0321AECF3D0052319F /* CalculatorUITests.swift */; };
/* End PBXBuildFile section */

/* Begin PBXContainerItemProxy section */
		D4056EF521AECF3D0052319F /* PBXContainerItemProxy */ = {
			isa = PBXContainerItemProxy;
			containerPortal = D4056ED821AECF3C0052319F /* Project object */;
			proxyType = 1;
			remoteGlobalIDString = D4056EDF21AECF3C0052319F;
			remoteInfo = Calculator;
		};
		D4056F0021AECF3D0052319F /* PBXContainerItemProxy */ = {
			isa = PBXContainerItemProxy;
			containerPortal = D4056ED821AECF3C0052319F /* Project object */;
			proxyType = 1;
			remoteGlobalIDString = D4056EDF21AECF3C0052319F;
			remoteInfo = Calculator;
		};
/* End PBXContainerItemProxy section */

/* Begin PBXFileReference section */
		D4056EE021AECF3C0052319F /* Calculator.app */ = {isa = PBXFileReference; explicitFileType = wrapper.application; includeInIndex = 0; path = Calculator.app; sourceTree = BUILT_PRODUCTS_DIR; };
		D4056EE321AECF3C0052319F /* AppDelegate.swift */ = {isa = PBXFileReference; lastKnownFileType = sourcecode.swift; path = AppDelegate.swift; sourceTree = "<group>"; };
		D4056EE521AECF3C0052319F /* ViewController.swift */ = {isa = PBXFileReference; lastKnownFileType = sourcecode.swift; path = ViewController.swift; sourceTree = "<group>"; };
		D4056EE821AECF3C0052319F /* Base */ = {isa = PBXFileReference; lastKnownFileType = file.storyboard; name = Base; path = Base.lproj/Main.storyboard; sourceTree = "<group>"; };
		D4056EEA21AECF3D0052319F /* Assets.xcassets */ = {isa = PBXFileReference; lastKnownFileType = folder.assetcatalog; path = Assets.xcassets; sourceTree = "<group>"; };
		D4056EED21AECF3D0052319F /* Base */ = {isa = PBXFileReference; lastKnownFileType = file.storyboard; name = Base; path = Base.lproj/LaunchScreen.storyboard; sourceTree = "<group>"; };
		D4056EEF21AECF3D0052319F /* Info.plist */ = {isa = PBXFileReference; lastKnownFileType = text.plist.xml; path = Info.plist; sourceTree = "<group>"; };
		D4056EF421AECF3D0052319F /* CalculatorTests.xctest */ = {isa = PBXFileReference; explicitFileType = wrapper.cfbundle; includeInIndex = 0; path = CalculatorTests.xctest; sourceTree = BUILT_PRODUCTS_DIR; };
		D4056EF821AECF3D0052319F /* CalculatorTests.swift */ = {isa = PBXFileReference; lastKnownFileType = sourcecode.swift; path = CalculatorTests.swift; sourceTree = "<group>"; };
		D4056EFA21AECF3D0052319F /* Info.plist */ = {isa = PBXFileReference; lastKnownFileType = text.plist.xml; path = Info.plist; sourceTree = "<group>"; };
		D4056EFF21AECF3D0052319F /* CalculatorUITests.xctest */ = {isa = PBXFileReference; explicitFileType = wrapper.cfbundle; includeInIndex = 0; path = CalculatorUITests.xctest; sourceTree = BUILT_PRODUCTS_DIR; };
		D4056F0321AECF3D0052319F /* CalculatorUITests.swift */ = {isa = PBXFileReference; lastKnownFileType = sourcecode.swift; path = CalculatorUITests.swift; sourceTree = "<group>"; };
		D4056F0521AECF3D0052319F /* Info.plist */ = {isa = PBXFileReference; lastKnownFileType = text.plist.xml; path = Info.plist; sourceTree = "<group>"; };
/* End PBXFileReference section */

/* Begin PBXFrameworksBuildPhase section */
		D4056EDD21AECF3C0052319F /* Frameworks */ = {
			isa = PBXFrameworksBuildPhase;
			buildActionMask = 2147483647;
			files = (
			);
			runOnlyForDeploymentPostprocessing = 0;
		};
		D4056EF121AECF3D0052319F /* Frameworks */ = {
			isa = PBXFrameworksBuildPhase;
			buildActionMask = 2147483647;
			files = (
			);
			runOnlyForDeploymentPostprocessing = 0;
		};
		D4056EFC21AECF3D0052319F /* Frameworks */ = {
			isa = PBXFrameworksBuildPhase;
			buildActionMask = 2147483647;
			files = (
			);
			runOnlyForDeploymentPostprocessing = 0;
		};
/* End PBXFrameworksBuildPhase section */

/* Begin PBXGroup section */
		D4056ED721AECF3C0052319F = {
			isa = PBXGroup;
			children = (
				D4056EE221AECF3C0052319F /* Calculator */,
				D4056EF721AECF3D0052319F /* CalculatorTests */,
				D4056F0221AECF3D0052319F /* CalculatorUITests */,
				D4056EE121AECF3C0052319F /* Products */,
			);
			sourceTree = "<group>";
		};
		D4056EE121AECF3C0052319F /* Products */ = {
			isa = PBXGroup;
			children = (
				D4056EE021AECF3C0052319F /* Calculator.app */,
				D4056EF421AECF3D0052319F /* CalculatorTests.xctest */,
				D4056EFF21AECF3D0052319F /* CalculatorUITests.xctest */,
			);
			name = Products;
			sourceTree = "<group>";
		};
		D4056EE221AECF3C0052319F /* Calculator */ = {
			isa = PBXGroup;
			children = (
				D4056EE321AECF3C0052319F /* AppDelegate.swift */,
				D4056EE521AECF3C0052319F /* ViewController.swift */,
				D4056EE721AECF3C0052319F /* Main.storyboard */,
				D4056EEA21AECF3D0052319F /* Assets.xcassets */,
				D4056EEC21AECF3D0052319F /* LaunchScreen.storyboard */,
				D4056EEF21AECF3D0052319F /* Info.plist */,
			);
			path = Calculator;
			sourceTree = "<group>";
		};
		D4056EF721AECF3D0052319F /* CalculatorTests */ = {
			isa = PBXGroup;
			children = (
				D4056EF821AECF3D0052319F /* CalculatorTests.swift */,
				D4056EFA21AECF3D0052319F /* Info.plist */,
			);
			path = CalculatorTests;
			sourceTree = "<group>";
		};
		D4056F0221AECF3D0052319F /* CalculatorUITests */ = {
			isa = PBXGroup;
			children = (
				D4056F0321AECF3D0052319F /* CalculatorUITests.swift */,
				D4056F0521AECF3D0052319F /* Info.plist */,
			);
			path = CalculatorUITests;
			sourceTree = "<group>";
		};
/* End PBXGroup section */

/* Begin PBXNativeTarget section */
		D4056EDF21AECF3C0052319F /* Calculator */ = {
			isa = PBXNativeTarget;
			buildConfigurationList = D4056F0821AECF3D0052319F /* Build configuration list for PBXNativeTarget "Calculator" */;
			buildPhases = (
				D4056EDC21AECF3C0052319F /* Sources */,
				D4056EDD21AECF3C0052319F /* Frameworks */,
				D4056EDE21AECF3C0052319F /* Resources */,
			);
			buildRules = (
			);
			dependencies = (
			);
			name = Calculator;
			productName = Calculator;
			productReference = D4056EE021AECF3C0052319F /* Calculator.app */;
			productType = "com.apple.product-type.application";
		};
		D4056EF321AECF3D0052319F /* CalculatorTests */ = {
			isa = PBXNativeTarget;
			buildConfigurationList = D4056F0B21AECF3D0052319F /* Build configuration list for PBXNativeTarget "CalculatorTests" */;
			buildPhases = (
				D4056EF021AECF3D0052319F /* Sources */,
				D4056EF121AECF3D0052319F /* Frameworks */,
				D4056EF221AECF3D0052319F /* Resources */,
			);
			buildRules = (
			);
			dependencies = (
				D4056EF621AECF3D0052319F /* PBXTargetDependency */,
			);
			name = CalculatorTests;
			productName = CalculatorTests;
			productReference = D4056EF421AECF3D0052319F /* CalculatorTests.xctest */;
			productType = "com.apple.product-type.bundle.unit-test";
		};
		D4056EFE21AECF3D0052319F /* CalculatorUITests */ = {
			isa = PBXNativeTarget;
			buildConfigurationList = D4056F0E21AECF3D0052319F /* Build configuration list for PBXNativeTarget "CalculatorUITests" */;
			buildPhases = (
				D4056EFB21AECF3D0052319F /* Sources */,
				D4056EFC21AECF3D0052319F /* Frameworks */,
				D4056EFD21AECF3D0052319F /* Resources */,
			);
			buildRules = (
			);
			dependencies = (
				D4056F0121AECF3D0052319F /* PBXTargetDependency */,
			);
			name = CalculatorUITests;
			productName = CalculatorUITests;
			productReference = D4056EFF21AECF3D0052319F /* CalculatorUITests.xctest */;
			productType = "com.apple.product-type.bundle.ui-testing";
		};
/* End PBXNativeTarget section */

/* Begin PBXProject section */
		D4056ED821AECF3C0052319F /* Project object */ = {
			isa = PBXProject;
			attributes = {
				LastSwiftUpdateCheck = 1010;
				LastUpgradeCheck = 1010;
				ORGANIZATIONNAME = formation10;
				TargetAttributes = {
					D4056EDF21AECF3C0052319F = {
						CreatedOnToolsVersion = 10.1;
					};
					D4056EF321AECF3D0052319F = {
						CreatedOnToolsVersion = 10.1;
						TestTargetID = D4056EDF21AECF3C0052319F;
					};
					D4056EFE21AECF3D0052319F = {
						CreatedOnToolsVersion = 10.1;
						TestTargetID = D4056EDF21AECF3C0052319F;
					};
				};
			};
			buildConfigurationList = D4056EDB21AECF3C0052319F /* Build configuration list for PBXProject "Calculator" */;
			compatibilityVersion = "Xcode 9.3";
			developmentRegion = en;
			hasScannedForEncodings = 0;
			knownRegions = (
				en,
				Base,
			);
			mainGroup = D4056ED721AECF3C0052319F;
			productRefGroup = D4056EE121AECF3C0052319F /* Products */;
			projectDirPath = "";
			projectRoot = "";
			targets = (
				D4056EDF21AECF3C0052319F /* Calculator */,
				D4056EF321AECF3D0052319F /* CalculatorTests */,
				D4056EFE21AECF3D0052319F /* CalculatorUITests */,
			);
		};
/* End PBXProject section */

/* Begin PBXResourcesBuildPhase section */
		D4056EDE21AECF3C0052319F /* Resources */ = {
			isa = PBXResourcesBuildPhase;
			buildActionMask = 2147483647;
			files = (
				D4056EEE21AECF3D0052319F /* LaunchScreen.storyboard in Resources */,
				D4056EEB21AECF3D0052319F /* Assets.xcassets in Resources */,
				D4056EE921AECF3C0052319F /* Main.storyboard in Resources */,
			);
			runOnlyForDeploymentPostprocessing = 0;
		};
		D4056EF221AECF3D0052319F /* Resources */ = {
			isa = PBXResourcesBuildPhase;
			buildActionMask = 2147483647;
			files = (
			);
			runOnlyForDeploymentPostprocessing = 0;
		};
		D4056EFD21AECF3D0052319F /* Resources */ = {
			isa = PBXResourcesBuildPhase;
			buildActionMask = 2147483647;
			files = (
			);
			runOnlyForDeploymentPostprocessing = 0;
		};
/* End PBXResourcesBuildPhase section */

/* Begin PBXSourcesBuildPhase section */
		D4056EDC21AECF3C0052319F /* Sources */ = {
			isa = PBXSourcesBuildPhase;
			buildActionMask = 2147483647;
			files = (
				D4056EE621AECF3C0052319F /* ViewController.swift in Sources */,
				D4056EE421AECF3C0052319F /* AppDelegate.swift in Sources */,
			);
			runOnlyForDeploymentPostprocessing = 0;
		};
		D4056EF021AECF3D0052319F /* Sources */ = {
			isa = PBXSourcesBuildPhase;
			buildActionMask = 2147483647;
			files = (
				D4056EF921AECF3D0052319F /* CalculatorTests.swift in Sources */,
			);
			runOnlyForDeploymentPostprocessing = 0;
		};
		D4056EFB21AECF3D0052319F /* Sources */ = {
			isa = PBXSourcesBuildPhase;
			buildActionMask = 2147483647;
			files = (
				D4056F0421AECF3D0052319F /* CalculatorUITests.swift in Sources */,
			);
			runOnlyForDeploymentPostprocessing = 0;
		};
/* End PBXSourcesBuildPhase section */

/* Begin PBXTargetDependency section */
		D4056EF621AECF3D0052319F /* PBXTargetDependency */ = {
			isa = PBXTargetDependency;
			target = D4056EDF21AECF3C0052319F /* Calculator */;
			targetProxy = D4056EF521AECF3D0052319F /* PBXContainerItemProxy */;
		};
		D4056F0121AECF3D0052319F /* PBXTargetDependency */ = {
			isa = PBXTargetDependency;
			target = D4056EDF21AECF3C0052319F /* Calculator */;
			targetProxy = D4056F0021AECF3D0052319F /* PBXContainerItemProxy */;
		};
/* End PBXTargetDependency section */

/* Begin PBXVariantGroup section */
		D4056EE721AECF3C0052319F /* Main.storyboard */ = {
			isa = PBXVariantGroup;
			children = (
				D4056EE821AECF3C0052319F /* Base */,
			);
			name = Main.storyboard;
			sourceTree = "<group>";
		};
		D4056EEC21AECF3D0052319F /* LaunchScreen.storyboard */ = {
			isa = PBXVariantGroup;
			children = (
				D4056EED21AECF3D0052319F /* Base */,
			);
			name = LaunchScreen.storyboard;
			sourceTree = "<group>";
		};
/* End PBXVariantGroup section */

/* Begin XCBuildConfiguration section */
		D4056F0621AECF3D0052319F /* Debug */ = {
			isa = XCBuildConfiguration;
			buildSettings = {
				ALWAYS_SEARCH_USER_PATHS = NO;
				CLANG_ANALYZER_NONNULL = YES;
				CLANG_ANALYZER_NUMBER_OBJECT_CONVERSION = YES_AGGRESSIVE;
				CLANG_CXX_LANGUAGE_STANDARD = "gnu++14";
				CLANG_CXX_LIBRARY = "libc++";
				CLANG_ENABLE_MODULES = YES;
				CLANG_ENABLE_OBJC_ARC = YES;
				CLANG_ENABLE_OBJC_WEAK = YES;
				CLANG_WARN_BLOCK_CAPTURE_AUTORELEASING = YES;
				CLANG_WARN_BOOL_CONVERSION = YES;
				CLANG_WARN_COMMA = YES;
				CLANG_WARN_CONSTANT_CONVERSION = YES;
				CLANG_WARN_DEPRECATED_OBJC_IMPLEMENTATIONS = YES;
				CLANG_WARN_DIRECT_OBJC_ISA_USAGE = YES_ERROR;
				CLANG_WARN_DOCUMENTATION_COMMENTS = YES;
				CLANG_WARN_EMPTY_BODY = YES;
				CLANG_WARN_ENUM_CONVERSION = YES;
				CLANG_WARN_INFINITE_RECURSION = YES;
				CLANG_WARN_INT_CONVERSION = YES;
				CLANG_WARN_NON_LITERAL_NULL_CONVERSION = YES;
				CLANG_WARN_OBJC_IMPLICIT_RETAIN_SELF = YES;
				CLANG_WARN_OBJC_LITERAL_CONVERSION = YES;
				CLANG_WARN_OBJC_ROOT_CLASS = YES_ERROR;
				CLANG_WARN_RANGE_LOOP_ANALYSIS = YES;
				CLANG_WARN_STRICT_PROTOTYPES = YES;
				CLANG_WARN_SUSPICIOUS_MOVE = YES;
				CLANG_WARN_UNGUARDED_AVAILABILITY = YES_AGGRESSIVE;
				CLANG_WARN_UNREACHABLE_CODE = YES;
				CLANG_WARN__DUPLICATE_METHOD_MATCH = YES;
				CODE_SIGN_IDENTITY = "iPhone Developer";
				COPY_PHASE_STRIP = NO;
				DEBUG_INFORMATION_FORMAT = dwarf;
				ENABLE_STRICT_OBJC_MSGSEND = YES;
				ENABLE_TESTABILITY = YES;
				GCC_C_LANGUAGE_STANDARD = gnu11;
				GCC_DYNAMIC_NO_PIC = NO;
				GCC_NO_COMMON_BLOCKS = YES;
				GCC_OPTIMIZATION_LEVEL = 0;
				GCC_PREPROCESSOR_DEFINITIONS = (
					"DEBUG=1",
					"$(inherited)",
				);
				GCC_WARN_64_TO_32_BIT_CONVERSION = YES;
				GCC_WARN_ABOUT_RETURN_TYPE = YES_ERROR;
				GCC_WARN_UNDECLARED_SELECTOR = YES;
				GCC_WARN_UNINITIALIZED_AUTOS = YES_AGGRESSIVE;
				GCC_WARN_UNUSED_FUNCTION = YES;
				GCC_WARN_UNUSED_VARIABLE = YES;
				IPHONEOS_DEPLOYMENT_TARGET = 12.1;
				MTL_ENABLE_DEBUG_INFO = INCLUDE_SOURCE;
				MTL_FAST_MATH = YES;
				ONLY_ACTIVE_ARCH = YES;
				SDKROOT = iphoneos;
				SWIFT_ACTIVE_COMPILATION_CONDITIONS = DEBUG;
				SWIFT_OPTIMIZATION_LEVEL = "-Onone";
			};
			name = Debug;
		};
		D4056F0721AECF3D0052319F /* Release */ = {
			isa = XCBuildConfiguration;
			buildSettings = {
				ALWAYS_SEARCH_USER_PATHS = NO;
				CLANG_ANALYZER_NONNULL = YES;
				CLANG_ANALYZER_NUMBER_OBJECT_CONVERSION = YES_AGGRESSIVE;
				CLANG_CXX_LANGUAGE_STANDARD = "gnu++14";
				CLANG_CXX_LIBRARY = "libc++";
				CLANG_ENABLE_MODULES = YES;
				CLANG_ENABLE_OBJC_ARC = YES;
				CLANG_ENABLE_OBJC_WEAK = YES;
				CLANG_WARN_BLOCK_CAPTURE_AUTORELEASING = YES;
				CLANG_WARN_BOOL_CONVERSION = YES;
				CLANG_WARN_COMMA = YES;
				CLANG_WARN_CONSTANT_CONVERSION = YES;
				CLANG_WARN_DEPRECATED_OBJC_IMPLEMENTATIONS = YES;
				CLANG_WARN_DIRECT_OBJC_ISA_USAGE = YES_ERROR;
				CLANG_WARN_DOCUMENTATION_COMMENTS = YES;
				CLANG_WARN_EMPTY_BODY = YES;
				CLANG_WARN_ENUM_CONVERSION = YES;
				CLANG_WARN_INFINITE_RECURSION = YES;
				CLANG_WARN_INT_CONVERSION = YES;
				CLANG_WARN_NON_LITERAL_NULL_CONVERSION = YES;
				CLANG_WARN_OBJC_IMPLICIT_RETAIN_SELF = YES;
				CLANG_WARN_OBJC_LITERAL_CONVERSION = YES;
				CLANG_WARN_OBJC_ROOT_CLASS = YES_ERROR;
				CLANG_WARN_RANGE_LOOP_ANALYSIS = YES;
				CLANG_WARN_STRICT_PROTOTYPES = YES;
				CLANG_WARN_SUSPICIOUS_MOVE = YES;
				CLANG_WARN_UNGUARDED_AVAILABILITY = YES_AGGRESSIVE;
				CLANG_WARN_UNREACHABLE_CODE = YES;
				CLANG_WARN__DUPLICATE_METHOD_MATCH = YES;
				CODE_SIGN_IDENTITY = "iPhone Developer";
				COPY_PHASE_STRIP = NO;
				DEBUG_INFORMATION_FORMAT = "dwarf-with-dsym";
				ENABLE_NS_ASSERTIONS = NO;
				ENABLE_STRICT_OBJC_MSGSEND = YES;
				GCC_C_LANGUAGE_STANDARD = gnu11;
				GCC_NO_COMMON_BLOCKS = YES;
				GCC_WARN_64_TO_32_BIT_CONVERSION = YES;
				GCC_WARN_ABOUT_RETURN_TYPE = YES_ERROR;
				GCC_WARN_UNDECLARED_SELECTOR = YES;
				GCC_WARN_UNINITIALIZED_AUTOS = YES_AGGRESSIVE;
				GCC_WARN_UNUSED_FUNCTION = YES;
				GCC_WARN_UNUSED_VARIABLE = YES;
				IPHONEOS_DEPLOYMENT_TARGET = 12.1;
				MTL_ENABLE_DEBUG_INFO = NO;
				MTL_FAST_MATH = YES;
				SDKROOT = iphoneos;
				SWIFT_COMPILATION_MODE = wholemodule;
				SWIFT_OPTIMIZATION_LEVEL = "-O";
				VALIDATE_PRODUCT = YES;
			};
			name = Release;
		};
		D4056F0921AECF3D0052319F /* Debug */ = {
			isa = XCBuildConfiguration;
			buildSettings = {
				ASSETCATALOG_COMPILER_APPICON_NAME = AppIcon;
				CODE_SIGN_STYLE = Automatic;
				INFOPLIST_FILE = Calculator/Info.plist;
				LD_RUNPATH_SEARCH_PATHS = (
					"$(inherited)",
					"@executable_path/Frameworks",
				);
				PRODUCT_BUNDLE_IDENTIFIER = fr.diginamic.Calculator;
				PRODUCT_NAME = "$(TARGET_NAME)";
				SWIFT_VERSION = 4.2;
				TARGETED_DEVICE_FAMILY = "1,2";
			};
			name = Debug;
		};
		D4056F0A21AECF3D0052319F /* Release */ = {
			isa = XCBuildConfiguration;
			buildSettings = {
				ASSETCATALOG_COMPILER_APPICON_NAME = AppIcon;
				CODE_SIGN_STYLE = Automatic;
				INFOPLIST_FILE = Calculator/Info.plist;
				LD_RUNPATH_SEARCH_PATHS = (
					"$(inherited)",
					"@executable_path/Frameworks",
				);
				PRODUCT_BUNDLE_IDENTIFIER = fr.diginamic.Calculator;
				PRODUCT_NAME = "$(TARGET_NAME)";
				SWIFT_VERSION = 4.2;
				TARGETED_DEVICE_FAMILY = "1,2";
			};
			name = Release;
		};
		D4056F0C21AECF3D0052319F /* Debug */ = {
			isa = XCBuildConfiguration;
			buildSettings = {
				ALWAYS_EMBED_SWIFT_STANDARD_LIBRARIES = YES;
				BUNDLE_LOADER = "$(TEST_HOST)";
				CODE_SIGN_STYLE = Automatic;
				INFOPLIST_FILE = CalculatorTests/Info.plist;
				LD_RUNPATH_SEARCH_PATHS = (
					"$(inherited)",
					"@executable_path/Frameworks",
					"@loader_path/Frameworks",
				);
				PRODUCT_BUNDLE_IDENTIFIER = fr.diginamic.CalculatorTests;
				PRODUCT_NAME = "$(TARGET_NAME)";
				SWIFT_VERSION = 4.2;
				TARGETED_DEVICE_FAMILY = "1,2";
				TEST_HOST = "$(BUILT_PRODUCTS_DIR)/Calculator.app/Calculator";
			};
			name = Debug;
		};
		D4056F0D21AECF3D0052319F /* Release */ = {
			isa = XCBuildConfiguration;
			buildSettings = {
				ALWAYS_EMBED_SWIFT_STANDARD_LIBRARIES = YES;
				BUNDLE_LOADER = "$(TEST_HOST)";
				CODE_SIGN_STYLE = Automatic;
				INFOPLIST_FILE = CalculatorTests/Info.plist;
				LD_RUNPATH_SEARCH_PATHS = (
					"$(inherited)",
					"@executable_path/Frameworks",
					"@loader_path/Frameworks",
				);
				PRODUCT_BUNDLE_IDENTIFIER = fr.diginamic.CalculatorTests;
				PRODUCT_NAME = "$(TARGET_NAME)";
				SWIFT_VERSION = 4.2;
				TARGETED_DEVICE_FAMILY = "1,2";
				TEST_HOST = "$(BUILT_PRODUCTS_DIR)/Calculator.app/Calculator";
			};
			name = Release;
		};
		D4056F0F21AECF3D0052319F /* Debug */ = {
			isa = XCBuildConfiguration;
			buildSettings = {
				ALWAYS_EMBED_SWIFT_STANDARD_LIBRARIES = YES;
				CODE_SIGN_STYLE = Automatic;
				INFOPLIST_FILE = CalculatorUITests/Info.plist;
				LD_RUNPATH_SEARCH_PATHS = (
					"$(inherited)",
					"@executable_path/Frameworks",
					"@loader_path/Frameworks",
				);
				PRODUCT_BUNDLE_IDENTIFIER = fr.diginamic.CalculatorUITests;
				PRODUCT_NAME = "$(TARGET_NAME)";
				SWIFT_VERSION = 4.2;
				TARGETED_DEVICE_FAMILY = "1,2";
				TEST_TARGET_NAME = Calculator;
			};
			name = Debug;
		};
		D4056F1021AECF3D0052319F /* Release */ = {
			isa = XCBuildConfiguration;
			buildSettings = {
				ALWAYS_EMBED_SWIFT_STANDARD_LIBRARIES = YES;
				CODE_SIGN_STYLE = Automatic;
				INFOPLIST_FILE = CalculatorUITests/Info.plist;
				LD_RUNPATH_SEARCH_PATHS = (
					"$(inherited)",
					"@executable_path/Frameworks",
					"@loader_path/Frameworks",
				);
				PRODUCT_BUNDLE_IDENTIFIER = fr.diginamic.CalculatorUITests;
				PRODUCT_NAME = "$(TARGET_NAME)";
				SWIFT_VERSION = 4.2;
				TARGETED_DEVICE_FAMILY = "1,2";
				TEST_TARGET_NAME = Calculator;
			};
			name = Release;
		};
/* End XCBuildConfiguration section */

/* Begin XCConfigurationList section */
		D4056EDB21AECF3C0052319F /* Build configuration list for PBXProject "Calculator" */ = {
			isa = XCConfigurationList;
			buildConfigurations = (
				D4056F0621AECF3D0052319F /* Debug */,
				D4056F0721AECF3D0052319F /* Release */,
			);
			defaultConfigurationIsVisible = 0;
			defaultConfigurationName = Release;
		};
		D4056F0821AECF3D0052319F /* Build configuration list for PBXNativeTarget "Calculator" */ = {
			isa = XCConfigurationList;
			buildConfigurations = (
				D4056F0921AECF3D0052319F /* Debug */,
				D4056F0A21AECF3D0052319F /* Release */,
			);
			defaultConfigurationIsVisible = 0;
			defaultConfigurationName = Release;
		};
		D4056F0B21AECF3D0052319F /* Build configuration list for PBXNativeTarget "CalculatorTests" */ = {
			isa = XCConfigurationList;
			buildConfigurations = (
				D4056F0C21AECF3D0052319F /* Debug */,
				D4056F0D21AECF3D0052319F /* Release */,
			);
			defaultConfigurationIsVisible = 0;
			defaultConfigurationName = Release;
		};
		D4056F0E21AECF3D0052319F /* Build configuration list for PBXNativeTarget "CalculatorUITests" */ = {
			isa = XCConfigurationList;
			buildConfigurations = (
				D4056F0F21AECF3D0052319F /* Debug */,
				D4056F1021AECF3D0052319F /* Release */,
			);
			defaultConfigurationIsVisible = 0;
			defaultConfigurationName = Release;
		};
/* End XCConfigurationList section */
	};
	rootObject = D4056ED821AECF3C0052319F /* Project object */;
}
